// !$*UTF8*$!
{
	archiveVersion = 1;
	classes = {
	};
	objectVersion = 46;
	objects = {

/* Begin PBXBuildFile section */
		F95C6BA51EF118FE00171BC1 /* AppDelegate.swift in Sources */ = {isa = PBXBuildFile; fileRef = F95C6BA41EF118FE00171BC1 /* AppDelegate.swift */; };
		F95C6BA71EF118FE00171BC1 /* ViewController.swift in Sources */ = {isa = PBXBuildFile; fileRef = F95C6BA61EF118FE00171BC1 /* ViewController.swift */; };
		F95C6BAA1EF118FE00171BC1 /* Main.storyboard in Resources */ = {isa = PBXBuildFile; fileRef = F95C6BA81EF118FE00171BC1 /* Main.storyboard */; };
		F95C6BAC1EF118FE00171BC1 /* Assets.xcassets in Resources */ = {isa = PBXBuildFile; fileRef = F95C6BAB1EF118FE00171BC1 /* Assets.xcassets */; };
		F95C6BAF1EF118FE00171BC1 /* LaunchScreen.storyboard in Resources */ = {isa = PBXBuildFile; fileRef = F95C6BAD1EF118FE00171BC1 /* LaunchScreen.storyboard */; };
		F95C6BB91EF1206A00171BC1 /* ic_home_2x.png in Resources */ = {isa = PBXBuildFile; fileRef = F95C6BB61EF1206A00171BC1 /* ic_home_2x.png */; };
		F95C6BBA1EF1206B00171BC1 /* ic_home_3x.png in Resources */ = {isa = PBXBuildFile; fileRef = F95C6BB71EF1206A00171BC1 /* ic_home_3x.png */; };
		F95C6BBB1EF1206B00171BC1 /* ic_home.png in Resources */ = {isa = PBXBuildFile; fileRef = F95C6BB81EF1206A00171BC1 /* ic_home.png */; };
		F9CC5A991EF1390A00282177 /* SecondViewController.swift in Sources */ = {isa = PBXBuildFile; fileRef = F9CC5A981EF1390A00282177 /* SecondViewController.swift */; };
/* End PBXBuildFile section */

/* Begin PBXFileReference section */
		F95C6BA11EF118FE00171BC1 /* Navigator Tool bar Multiple Screen.app */ = {isa = PBXFileReference; explicitFileType = wrapper.application; includeInIndex = 0; path = "Navigator Tool bar Multiple Screen.app"; sourceTree = BUILT_PRODUCTS_DIR; };
		F95C6BA41EF118FE00171BC1 /* AppDelegate.swift */ = {isa = PBXFileReference; lastKnownFileType = sourcecode.swift; path = AppDelegate.swift; sourceTree = "<group>"; };
		F95C6BA61EF118FE00171BC1 /* ViewController.swift */ = {isa = PBXFileReference; lastKnownFileType = sourcecode.swift; path = ViewController.swift; sourceTree = "<group>"; };
		F95C6BA91EF118FE00171BC1 /* Base */ = {isa = PBXFileReference; lastKnownFileType = file.storyboard; name = Base; path = Base.lproj/Main.storyboard; sourceTree = "<group>"; };
		F95C6BAB1EF118FE00171BC1 /* Assets.xcassets */ = {isa = PBXFileReference; lastKnownFileType = folder.assetcatalog; path = Assets.xcassets; sourceTree = "<group>"; };
		F95C6BAE1EF118FE00171BC1 /* Base */ = {isa = PBXFileReference; lastKnownFileType = file.storyboard; name = Base; path = Base.lproj/LaunchScreen.storyboard; sourceTree = "<group>"; };
		F95C6BB01EF118FE00171BC1 /* Info.plist */ = {isa = PBXFileReference; lastKnownFileType = text.plist.xml; path = Info.plist; sourceTree = "<group>"; };
		F95C6BB61EF1206A00171BC1 /* ic_home_2x.png */ = {isa = PBXFileReference; lastKnownFileType = image.png; name = ic_home_2x.png; path = ../../../../Desktop/ic_home_2x.png; sourceTree = "<group>"; };
		F95C6BB71EF1206A00171BC1 /* ic_home_3x.png */ = {isa = PBXFileReference; lastKnownFileType = image.png; name = ic_home_3x.png; path = ../../../../Desktop/ic_home_3x.png; sourceTree = "<group>"; };
		F95C6BB81EF1206A00171BC1 /* ic_home.png */ = {isa = PBXFileReference; lastKnownFileType = image.png; name = ic_home.png; path = ../../../../Desktop/ic_home.png; sourceTree = "<group>"; };
		F9CC5A981EF1390A00282177 /* SecondViewController.swift */ = {isa = PBXFileReference; fileEncoding = 4; lastKnownFileType = sourcecode.swift; path = SecondViewController.swift; sourceTree = "<group>"; };
/* End PBXFileReference section */

/* Begin PBXFrameworksBuildPhase section */
		F95C6B9E1EF118FE00171BC1 /* Frameworks */ = {
			isa = PBXFrameworksBuildPhase;
			buildActionMask = 2147483647;
			files = (
			);
			runOnlyForDeploymentPostprocessing = 0;
		};
/* End PBXFrameworksBuildPhase section */

/* Begin PBXGroup section */
		F95C6B981EF118FE00171BC1 = {
			isa = PBXGroup;
			children = (
				F95C6BA31EF118FE00171BC1 /* Navigator Tool bar Multiple Screen */,
				F95C6BA21EF118FE00171BC1 /* Products */,
			);
			sourceTree = "<group>";
		};
		F95C6BA21EF118FE00171BC1 /* Products */ = {
			isa = PBXGroup;
			children = (
				F95C6BA11EF118FE00171BC1 /* Navigator Tool bar Multiple Screen.app */,
			);
			name = Products;
			sourceTree = "<group>";
		};
		F95C6BA31EF118FE00171BC1 /* Navigator Tool bar Multiple Screen */ = {
			isa = PBXGroup;
			children = (
				F95C6BA41EF118FE00171BC1 /* AppDelegate.swift */,
				F95C6BA61EF118FE00171BC1 /* ViewController.swift */,
				F95C6BA81EF118FE00171BC1 /* Main.storyboard */,
				F9CC5A981EF1390A00282177 /* SecondViewController.swift */,
				F95C6BAB1EF118FE00171BC1 /* Assets.xcassets */,
				F95C6BAD1EF118FE00171BC1 /* LaunchScreen.storyboard */,
				F95C6BB01EF118FE00171BC1 /* Info.plist */,
				F95C6BB61EF1206A00171BC1 /* ic_home_2x.png */,
				F95C6BB71EF1206A00171BC1 /* ic_home_3x.png */,
				F95C6BB81EF1206A00171BC1 /* ic_home.png */,
			);
			path = "Navigator Tool bar Multiple Screen";
			sourceTree = "<group>";
		};
/* End PBXGroup section */

/* Begin PBXNativeTarget section */
		F95C6BA01EF118FE00171BC1 /* Navigator Tool bar Multiple Screen */ = {
			isa = PBXNativeTarget;
			buildConfigurationList = F95C6BB31EF118FE00171BC1 /* Build configuration list for PBXNativeTarget "Navigator Tool bar Multiple Screen" */;
			buildPhases = (
				F95C6B9D1EF118FE00171BC1 /* Sources */,
				F95C6B9E1EF118FE00171BC1 /* Frameworks */,
				F95C6B9F1EF118FE00171BC1 /* Resources */,
			);
			buildRules = (
			);
			dependencies = (
			);
			name = "Navigator Tool bar Multiple Screen";
			productName = "Navigator Tool bar Multiple Screen";
			productReference = F95C6BA11EF118FE00171BC1 /* Navigator Tool bar Multiple Screen.app */;
			productType = "com.apple.product-type.application";
		};
/* End PBXNativeTarget section */

/* Begin PBXProject section */
		F95C6B991EF118FE00171BC1 /* Project object */ = {
			isa = PBXProject;
			attributes = {
				LastSwiftUpdateCheck = 0830;
				LastUpgradeCheck = 0830;
				ORGANIZATIONNAME = SNRU;
				TargetAttributes = {
					F95C6BA01EF118FE00171BC1 = {
						CreatedOnToolsVersion = 8.3.3;
						ProvisioningStyle = Automatic;
					};
				};
			};
			buildConfigurationList = F95C6B9C1EF118FE00171BC1 /* Build configuration list for PBXProject "Navigator Tool bar Multiple Screen" */;
			compatibilityVersion = "Xcode 3.2";
			developmentRegion = English;
			hasScannedForEncodings = 0;
			knownRegions = (
				en,
				Base,
			);
			mainGroup = F95C6B981EF118FE00171BC1;
			productRefGroup = F95C6BA21EF118FE00171BC1 /* Products */;
			projectDirPath = "";
			projectRoot = "";
			targets = (
				F95C6BA01EF118FE00171BC1 /* Navigator Tool bar Multiple Screen */,
			);
		};
/* End PBXProject section */

/* Begin PBXResourcesBuildPhase section */
		F95C6B9F1EF118FE00171BC1 /* Resources */ = {
			isa = PBXResourcesBuildPhase;
			buildActionMask = 2147483647;
			files = (
				F95C6BAF1EF118FE00171BC1 /* LaunchScreen.storyboard in Resources */,
				F95C6BAC1EF118FE00171BC1 /* Assets.xcassets in Resources */,
				F95C6BBB1EF1206B00171BC1 /* ic_home.png in Resources */,
				F95C6BBA1EF1206B00171BC1 /* ic_home_3x.png in Resources */,
				F95C6BB91EF1206A00171BC1 /* ic_home_2x.png in Resources */,
				F95C6BAA1EF118FE00171BC1 /* Main.storyboard in Resources */,
			);
			runOnlyForDeploymentPostprocessing = 0;
		};
/* End PBXResourcesBuildPhase section */

/* Begin PBXSourcesBuildPhase section */
		F95C6B9D1EF118FE00171BC1 /* Sources */ = {
			isa = PBXSourcesBuildPhase;
			buildActionMask = 2147483647;
			files = (
				F9CC5A991EF1390A00282177 /* SecondViewController.swift in Sources */,
				F95C6BA71EF118FE00171BC1 /* ViewController.swift in Sources */,
				F95C6BA51EF118FE00171BC1 /* AppDelegate.swift in Sources */,
			);
			runOnlyForDeploymentPostprocessing = 0;
		};
/* End PBXSourcesBuildPhase section */

/* Begin PBXVariantGroup section */
		F95C6BA81EF118FE00171BC1 /* Main.storyboard */ = {
			isa = PBXVariantGroup;
			children = (
				F95C6BA91EF118FE00171BC1 /* Base */,
			);
			name = Main.storyboard;
			sourceTree = "<group>";
		};
		F95C6BAD1EF118FE00171BC1 /* LaunchScreen.storyboard */ = {
			isa = PBXVariantGroup;
			children = (
				F95C6BAE1EF118FE00171BC1 /* Base */,
			);
			name = LaunchScreen.storyboard;
			sourceTree = "<group>";
		};
/* End PBXVariantGroup section */

/* Begin XCBuildConfiguration section */
		F95C6BB11EF118FE00171BC1 /* Debug */ = {
			isa = XCBuildConfiguration;
			buildSettings = {
				ALWAYS_SEARCH_USER_PATHS = NO;
				CLANG_ANALYZER_NONNULL = YES;
				CLANG_ANALYZER_NUMBER_OBJECT_CONVERSION = YES_AGGRESSIVE;
				CLANG_CXX_LANGUAGE_STANDARD = "gnu++0x";
				CLANG_CXX_LIBRARY = "libc++";
				CLANG_ENABLE_MODULES = YES;
				CLANG_ENABLE_OBJC_ARC = YES;
				CLANG_WARN_BOOL_CONVERSION = YES;
				CLANG_WARN_CONSTANT_CONVERSION = YES;
				CLANG_WARN_DIRECT_OBJC_ISA_USAGE = YES_ERROR;
				CLANG_WARN_DOCUMENTATION_COMMENTS = YES;
				CLANG_WARN_EMPTY_BODY = YES;
				CLANG_WARN_ENUM_CONVERSION = YES;
				CLANG_WARN_INFINITE_RECURSION = YES;
				CLANG_WARN_INT_CONVERSION = YES;
				CLANG_WARN_OBJC_ROOT_CLASS = YES_ERROR;
				CLANG_WARN_SUSPICIOUS_MOVE = YES;
				CLANG_WARN_UNREACHABLE_CODE = YES;
				CLANG_WARN__DUPLICATE_METHOD_MATCH = YES;
				"CODE_SIGN_IDENTITY[sdk=iphoneos*]" = "iPhone Developer";
				COPY_PHASE_STRIP = NO;
				DEBUG_INFORMATION_FORMAT = dwarf;
				ENABLE_STRICT_OBJC_MSGSEND = YES;
				ENABLE_TESTABILITY = YES;
				GCC_C_LANGUAGE_STANDARD = gnu99;
				GCC_DYNAMIC_NO_PIC = NO;
				GCC_NO_COMMON_BLOCKS = YES;
				GCC_OPTIMIZATION_LEVEL = 0;
				GCC_PREPROCESSOR_DEFINITIONS = (
					"DEBUG=1",
					"$(inherited)",
				);
				GCC_WARN_64_TO_32_BIT_CONVERSION = YES;
				GCC_WARN_ABOUT_RETURN_TYPE = YES_ERROR;
				GCC_WARN_UNDECLARED_SELECTOR = YES;
				GCC_WARN_UNINITIALIZED_AUTOS = YES_AGGRESSIVE;
				GCC_WARN_UNUSED_FUNCTION = YES;
				GCC_WARN_UNUSED_VARIABLE = YES;
				IPHONEOS_DEPLOYMENT_TARGET = 10.3;
				MTL_ENABLE_DEBUG_INFO = YES;
				ONLY_ACTIVE_ARCH = YES;
				SDKROOT = iphoneos;
				SWIFT_ACTIVE_COMPILATION_CONDITIONS = DEBUG;
				SWIFT_OPTIMIZATION_LEVEL = "-Onone";
				TARGETED_DEVICE_FAMILY = "1,2";
			};
			name = Debug;
		};
		F95C6BB21EF118FE00171BC1 /* Release */ = {
			isa = XCBuildConfiguration;
			buildSettings = {
				ALWAYS_SEARCH_USER_PATHS = NO;
				CLANG_ANALYZER_NONNULL = YES;
				CLANG_ANALYZER_NUMBER_OBJECT_CONVERSION = YES_AGGRESSIVE;
				CLANG_CXX_LANGUAGE_STANDARD = "gnu++0x";
				CLANG_CXX_LIBRARY = "libc++";
				CLANG_ENABLE_MODULES = YES;
				CLANG_ENABLE_OBJC_ARC = YES;
				CLANG_WARN_BOOL_CONVERSION = YES;
				CLANG_WARN_CONSTANT_CONVERSION = YES;
				CLANG_WARN_DIRECT_OBJC_ISA_USAGE = YES_ERROR;
				CLANG_WARN_DOCUMENTATION_COMMENTS = YES;
				CLANG_WARN_EMPTY_BODY = YES;
				CLANG_WARN_ENUM_CONVERSION = YES;
				CLANG_WARN_INFINITE_RECURSION = YES;
				CLANG_WARN_INT_CONVERSION = YES;
				CLANG_WARN_OBJC_ROOT_CLASS = YES_ERROR;
				CLANG_WARN_SUSPICIOUS_MOVE = YES;
				CLANG_WARN_UNREACHABLE_CODE = YES;
				CLANG_WARN__DUPLICATE_METHOD_MATCH = YES;
				"CODE_SIGN_IDENTITY[sdk=iphoneos*]" = "iPhone Developer";
				COPY_PHASE_STRIP = NO;
				DEBUG_INFORMATION_FORMAT = "dwarf-with-dsym";
				ENABLE_NS_ASSERTIONS = NO;
				ENABLE_STRICT_OBJC_MSGSEND = YES;
				GCC_C_LANGUAGE_STANDARD = gnu99;
				GCC_NO_COMMON_BLOCKS = YES;
				GCC_WARN_64_TO_32_BIT_CONVERSION = YES;
				GCC_WARN_ABOUT_RETURN_TYPE = YES_ERROR;
				GCC_WARN_UNDECLARED_SELECTOR = YES;
				GCC_WARN_UNINITIALIZED_AUTOS = YES_AGGRESSIVE;
				GCC_WARN_UNUSED_FUNCTION = YES;
				GCC_WARN_UNUSED_VARIABLE = YES;
				IPHONEOS_DEPLOYMENT_TARGET = 10.3;
				MTL_ENABLE_DEBUG_INFO = NO;
				SDKROOT = iphoneos;
				SWIFT_OPTIMIZATION_LEVEL = "-Owholemodule";
				TARGETED_DEVICE_FAMILY = "1,2";
				VALIDATE_PRODUCT = YES;
			};
			name = Release;
		};
		F95C6BB41EF118FE00171BC1 /* Debug */ = {
			isa = XCBuildConfiguration;
			buildSettings = {
				ASSETCATALOG_COMPILER_APPICON_NAME = AppIcon;
				INFOPLIST_FILE = "Navigator Tool bar Multiple Screen/Info.plist";
				LD_RUNPATH_SEARCH_PATHS = "$(inherited) @executable_path/Frameworks";
				PRODUCT_BUNDLE_IDENTIFIER = "Computer.Chaidan.Navigator-Tool-bar-Multiple-Screen";
				PRODUCT_NAME = "$(TARGET_NAME)";
				SWIFT_VERSION = 3.0;
			};
			name = Debug;
		};
		F95C6BB51EF118FE00171BC1 /* Release */ = {
			isa = XCBuildConfiguration;
			buildSettings = {
				ASSETCATALOG_COMPILER_APPICON_NAME = AppIcon;
				INFOPLIST_FILE = "Navigator Tool bar Multiple Screen/Info.plist";
				LD_RUNPATH_SEARCH_PATHS = "$(inherited) @executable_path/Frameworks";
				PRODUCT_BUNDLE_IDENTIFIER = "Computer.Chaidan.Navigator-Tool-bar-Multiple-Screen";
				PRODUCT_NAME = "$(TARGET_NAME)";
				SWIFT_VERSION = 3.0;
			};
			name = Release;
		};
/* End XCBuildConfiguration section */

/* Begin XCConfigurationList section */
		F95C6B9C1EF118FE00171BC1 /* Build configuration list for PBXProject "Navigator Tool bar Multiple Screen" */ = {
			isa = XCConfigurationList;
			buildConfigurations = (
				F95C6BB11EF118FE00171BC1 /* Debug */,
				F95C6BB21EF118FE00171BC1 /* Release */,
			);
			defaultConfigurationIsVisible = 0;
			defaultConfigurationName = Release;
		};
		F95C6BB31EF118FE00171BC1 /* Build configuration list for PBXNativeTarget "Navigator Tool bar Multiple Screen" */ = {
			isa = XCConfigurationList;
			buildConfigurations = (
				F95C6BB41EF118FE00171BC1 /* Debug */,
				F95C6BB51EF118FE00171BC1 /* Release */,
			);
			defaultConfigurationIsVisible = 0;
			defaultConfigurationName = Release;
		};
/* End XCConfigurationList section */
	};
	rootObject = F95C6B991EF118FE00171BC1 /* Project object */;
}
